
Microsoft Visual Studio Solution File, Format Version 12.00
# Visual Studio Version 16
VisualStudioVersion = 16.0.29613.14
MinimumVisualStudioVersion = 10.0.40219.1
Project("{FAE04EC0-301F-11D3-BF4B-00C04F79EFBC}") = "Dahboard_project", "Dahboard_project.csproj", "{C081B7BC-7AAB-48C7-9EFF-D42DCA36B28E}"
EndProject
Global
	GlobalSection(SolutionConfigurationPlatforms) = preSolution
		Debug|Any CPU = Debug|Any CPU
		Release|Any CPU = Release|Any CPU
	EndGlobalSection
	GlobalSection(ProjectConfigurationPlatforms) = postSolution
		{C081B7BC-7AAB-48C7-9EFF-D42DCA36B28E}.Debug|Any CPU.ActiveCfg = Debug|Any CPU
		{C081B7BC-7AAB-48C7-9EFF-D42DCA36B28E}.Debug|Any CPU.Build.0 = Debug|Any CPU
		{C081B7BC-7AAB-48C7-9EFF-D42DCA36B28E}.Release|Any CPU.ActiveCfg = Release|Any CPU
		{C081B7BC-7AAB-48C7-9EFF-D42DCA36B28E}.Release|Any CPU.Build.0 = Release|Any CPU
	EndGlobalSection
	GlobalSection(SolutionProperties) = preSolution
		HideSolutionNode = FALSE
	EndGlobalSection
	GlobalSection(ExtensibilityGlobals) = postSolution
		SolutionGuid = {C7914822-2308-42A2-9642-F858170F8933}
	EndGlobalSection
EndGlobal
